// !$*UTF8*$!
{
	archiveVersion = 1;
	classes = {
	};
	objectVersion = 46;
	objects = {

/* Begin PBXBuildFile section */
		E63529901A01066100557F69 /* AppDelegate.swift in Sources */ = {isa = PBXBuildFile; fileRef = E635298F1A01066100557F69 /* AppDelegate.swift */; };
		E63529921A01066100557F69 /* GameScene.sks in Resources */ = {isa = PBXBuildFile; fileRef = E63529911A01066100557F69 /* GameScene.sks */; };
		E63529941A01066100557F69 /* GameScene.swift in Sources */ = {isa = PBXBuildFile; fileRef = E63529931A01066100557F69 /* GameScene.swift */; };
		E63529961A01066100557F69 /* GameViewController.swift in Sources */ = {isa = PBXBuildFile; fileRef = E63529951A01066100557F69 /* GameViewController.swift */; };
		E63529991A01066100557F69 /* Main.storyboard in Resources */ = {isa = PBXBuildFile; fileRef = E63529971A01066100557F69 /* Main.storyboard */; };
		E635299B1A01066100557F69 /* Images.xcassets in Resources */ = {isa = PBXBuildFile; fileRef = E635299A1A01066100557F69 /* Images.xcassets */; };
		E635299E1A01066100557F69 /* LaunchScreen.xib in Resources */ = {isa = PBXBuildFile; fileRef = E635299C1A01066100557F69 /* LaunchScreen.xib */; };
		E63529AA1A01066100557F69 /* Asteroids_ReturnTests.swift in Sources */ = {isa = PBXBuildFile; fileRef = E63529A91A01066100557F69 /* Asteroids_ReturnTests.swift */; };
		E63529B51A010BB800557F69 /* Explosion.sks in Resources */ = {isa = PBXBuildFile; fileRef = E63529B31A010BB800557F69 /* Explosion.sks */; };
		E63529B61A010BB800557F69 /* spark.png in Resources */ = {isa = PBXBuildFile; fileRef = E63529B41A010BB800557F69 /* spark.png */; };
/* End PBXBuildFile section */

/* Begin PBXContainerItemProxy section */
		E63529A41A01066100557F69 /* PBXContainerItemProxy */ = {
			isa = PBXContainerItemProxy;
			containerPortal = E63529821A01066100557F69 /* Project object */;
			proxyType = 1;
			remoteGlobalIDString = E63529891A01066100557F69;
			remoteInfo = "Asteroids Return";
		};
/* End PBXContainerItemProxy section */

/* Begin PBXFileReference section */
		E635298A1A01066100557F69 /* Asteroids Return.app */ = {isa = PBXFileReference; explicitFileType = wrapper.application; includeInIndex = 0; path = "Asteroids Return.app"; sourceTree = BUILT_PRODUCTS_DIR; };
		E635298E1A01066100557F69 /* Info.plist */ = {isa = PBXFileReference; lastKnownFileType = text.plist.xml; path = Info.plist; sourceTree = "<group>"; };
		E635298F1A01066100557F69 /* AppDelegate.swift */ = {isa = PBXFileReference; lastKnownFileType = sourcecode.swift; path = AppDelegate.swift; sourceTree = "<group>"; };
		E63529911A01066100557F69 /* GameScene.sks */ = {isa = PBXFileReference; lastKnownFileType = file.sks; path = GameScene.sks; sourceTree = "<group>"; };
		E63529931A01066100557F69 /* GameScene.swift */ = {isa = PBXFileReference; lastKnownFileType = sourcecode.swift; path = GameScene.swift; sourceTree = "<group>"; };
		E63529951A01066100557F69 /* GameViewController.swift */ = {isa = PBXFileReference; lastKnownFileType = sourcecode.swift; path = GameViewController.swift; sourceTree = "<group>"; };
		E63529981A01066100557F69 /* Base */ = {isa = PBXFileReference; lastKnownFileType = file.storyboard; name = Base; path = Base.lproj/Main.storyboard; sourceTree = "<group>"; };
		E635299A1A01066100557F69 /* Images.xcassets */ = {isa = PBXFileReference; lastKnownFileType = folder.assetcatalog; path = Images.xcassets; sourceTree = "<group>"; };
		E635299D1A01066100557F69 /* Base */ = {isa = PBXFileReference; lastKnownFileType = file.xib; name = Base; path = Base.lproj/LaunchScreen.xib; sourceTree = "<group>"; };
		E63529A31A01066100557F69 /* Asteroids ReturnTests.xctest */ = {isa = PBXFileReference; explicitFileType = wrapper.cfbundle; includeInIndex = 0; path = "Asteroids ReturnTests.xctest"; sourceTree = BUILT_PRODUCTS_DIR; };
		E63529A81A01066100557F69 /* Info.plist */ = {isa = PBXFileReference; lastKnownFileType = text.plist.xml; path = Info.plist; sourceTree = "<group>"; };
		E63529A91A01066100557F69 /* Asteroids_ReturnTests.swift */ = {isa = PBXFileReference; lastKnownFileType = sourcecode.swift; path = Asteroids_ReturnTests.swift; sourceTree = "<group>"; };
		E63529B31A010BB800557F69 /* Explosion.sks */ = {isa = PBXFileReference; lastKnownFileType = file.sks; name = Explosion.sks; path = ../Explosion.sks; sourceTree = "<group>"; };
		E63529B41A010BB800557F69 /* spark.png */ = {isa = PBXFileReference; lastKnownFileType = image.png; name = spark.png; path = ../spark.png; sourceTree = "<group>"; };
/* End PBXFileReference section */

/* Begin PBXFrameworksBuildPhase section */
		E63529871A01066100557F69 /* Frameworks */ = {
			isa = PBXFrameworksBuildPhase;
			buildActionMask = 2147483647;
			files = (
			);
			runOnlyForDeploymentPostprocessing = 0;
		};
		E63529A01A01066100557F69 /* Frameworks */ = {
			isa = PBXFrameworksBuildPhase;
			buildActionMask = 2147483647;
			files = (
			);
			runOnlyForDeploymentPostprocessing = 0;
		};
/* End PBXFrameworksBuildPhase section */

/* Begin PBXGroup section */
		E63529811A01066100557F69 = {
			isa = PBXGroup;
			children = (
				E635298C1A01066100557F69 /* Asteroids Return */,
				E63529A61A01066100557F69 /* Asteroids ReturnTests */,
				E635298B1A01066100557F69 /* Products */,
			);
			sourceTree = "<group>";
		};
		E635298B1A01066100557F69 /* Products */ = {
			isa = PBXGroup;
			children = (
				E635298A1A01066100557F69 /* Asteroids Return.app */,
				E63529A31A01066100557F69 /* Asteroids ReturnTests.xctest */,
			);
			name = Products;
			sourceTree = "<group>";
		};
		E635298C1A01066100557F69 /* Asteroids Return */ = {
			isa = PBXGroup;
			children = (
				E63529B31A010BB800557F69 /* Explosion.sks */,
				E63529B41A010BB800557F69 /* spark.png */,
				E635298F1A01066100557F69 /* AppDelegate.swift */,
				E63529911A01066100557F69 /* GameScene.sks */,
				E63529931A01066100557F69 /* GameScene.swift */,
				E63529951A01066100557F69 /* GameViewController.swift */,
				E63529971A01066100557F69 /* Main.storyboard */,
				E635299A1A01066100557F69 /* Images.xcassets */,
				E635299C1A01066100557F69 /* LaunchScreen.xib */,
				E635298D1A01066100557F69 /* Supporting Files */,
			);
			path = "Asteroids Return";
			sourceTree = "<group>";
		};
		E635298D1A01066100557F69 /* Supporting Files */ = {
			isa = PBXGroup;
			children = (
				E635298E1A01066100557F69 /* Info.plist */,
			);
			name = "Supporting Files";
			sourceTree = "<group>";
		};
		E63529A61A01066100557F69 /* Asteroids ReturnTests */ = {
			isa = PBXGroup;
			children = (
				E63529A91A01066100557F69 /* Asteroids_ReturnTests.swift */,
				E63529A71A01066100557F69 /* Supporting Files */,
			);
			path = "Asteroids ReturnTests";
			sourceTree = "<group>";
		};
		E63529A71A01066100557F69 /* Supporting Files */ = {
			isa = PBXGroup;
			children = (
				E63529A81A01066100557F69 /* Info.plist */,
			);
			name = "Supporting Files";
			sourceTree = "<group>";
		};
/* End PBXGroup section */

/* Begin PBXNativeTarget section */
		E63529891A01066100557F69 /* Asteroids Return */ = {
			isa = PBXNativeTarget;
			buildConfigurationList = E63529AD1A01066100557F69 /* Build configuration list for PBXNativeTarget "Asteroids Return" */;
			buildPhases = (
				E63529861A01066100557F69 /* Sources */,
				E63529871A01066100557F69 /* Frameworks */,
				E63529881A01066100557F69 /* Resources */,
			);
			buildRules = (
			);
			dependencies = (
			);
			name = "Asteroids Return";
			productName = "Asteroids Return";
			productReference = E635298A1A01066100557F69 /* Asteroids Return.app */;
			productType = "com.apple.product-type.application";
		};
		E63529A21A01066100557F69 /* Asteroids ReturnTests */ = {
			isa = PBXNativeTarget;
			buildConfigurationList = E63529B01A01066100557F69 /* Build configuration list for PBXNativeTarget "Asteroids ReturnTests" */;
			buildPhases = (
				E635299F1A01066100557F69 /* Sources */,
				E63529A01A01066100557F69 /* Frameworks */,
				E63529A11A01066100557F69 /* Resources */,
			);
			buildRules = (
			);
			dependencies = (
				E63529A51A01066100557F69 /* PBXTargetDependency */,
			);
			name = "Asteroids ReturnTests";
			productName = "Asteroids ReturnTests";
			productReference = E63529A31A01066100557F69 /* Asteroids ReturnTests.xctest */;
			productType = "com.apple.product-type.bundle.unit-test";
		};
/* End PBXNativeTarget section */

/* Begin PBXProject section */
		E63529821A01066100557F69 /* Project object */ = {
			isa = PBXProject;
			attributes = {
				LastUpgradeCheck = 0610;
				ORGANIZATIONNAME = fnordz;
				TargetAttributes = {
					E63529891A01066100557F69 = {
						CreatedOnToolsVersion = 6.1;
					};
					E63529A21A01066100557F69 = {
						CreatedOnToolsVersion = 6.1;
						TestTargetID = E63529891A01066100557F69;
					};
				};
			};
			buildConfigurationList = E63529851A01066100557F69 /* Build configuration list for PBXProject "Asteroids Return" */;
			compatibilityVersion = "Xcode 3.2";
			developmentRegion = English;
			hasScannedForEncodings = 0;
			knownRegions = (
				en,
				Base,
			);
			mainGroup = E63529811A01066100557F69;
			productRefGroup = E635298B1A01066100557F69 /* Products */;
			projectDirPath = "";
			projectRoot = "";
			targets = (
				E63529891A01066100557F69 /* Asteroids Return */,
				E63529A21A01066100557F69 /* Asteroids ReturnTests */,
			);
		};
/* End PBXProject section */

/* Begin PBXResourcesBuildPhase section */
		E63529881A01066100557F69 /* Resources */ = {
			isa = PBXResourcesBuildPhase;
			buildActionMask = 2147483647;
			files = (
				E635299E1A01066100557F69 /* LaunchScreen.xib in Resources */,
				E63529B61A010BB800557F69 /* spark.png in Resources */,
				E635299B1A01066100557F69 /* Images.xcassets in Resources */,
				E63529B51A010BB800557F69 /* Explosion.sks in Resources */,
				E63529921A01066100557F69 /* GameScene.sks in Resources */,
				E63529991A01066100557F69 /* Main.storyboard in Resources */,
			);
			runOnlyForDeploymentPostprocessing = 0;
		};
		E63529A11A01066100557F69 /* Resources */ = {
			isa = PBXResourcesBuildPhase;
			buildActionMask = 2147483647;
			files = (
			);
			runOnlyForDeploymentPostprocessing = 0;
		};
/* End PBXResourcesBuildPhase section */

/* Begin PBXSourcesBuildPhase section */
		E63529861A01066100557F69 /* Sources */ = {
			isa = PBXSourcesBuildPhase;
			buildActionMask = 2147483647;
			files = (
				E63529941A01066100557F69 /* GameScene.swift in Sources */,
				E63529961A01066100557F69 /* GameViewController.swift in Sources */,
				E63529901A01066100557F69 /* AppDelegate.swift in Sources */,
			);
			runOnlyForDeploymentPostprocessing = 0;
		};
		E635299F1A01066100557F69 /* Sources */ = {
			isa = PBXSourcesBuildPhase;
			buildActionMask = 2147483647;
			files = (
				E63529AA1A01066100557F69 /* Asteroids_ReturnTests.swift in Sources */,
			);
			runOnlyForDeploymentPostprocessing = 0;
		};
/* End PBXSourcesBuildPhase section */

/* Begin PBXTargetDependency section */
		E63529A51A01066100557F69 /* PBXTargetDependency */ = {
			isa = PBXTargetDependency;
			target = E63529891A01066100557F69 /* Asteroids Return */;
			targetProxy = E63529A41A01066100557F69 /* PBXContainerItemProxy */;
		};
/* End PBXTargetDependency section */

/* Begin PBXVariantGroup section */
		E63529971A01066100557F69 /* Main.storyboard */ = {
			isa = PBXVariantGroup;
			children = (
				E63529981A01066100557F69 /* Base */,
			);
			name = Main.storyboard;
			sourceTree = "<group>";
		};
		E635299C1A01066100557F69 /* LaunchScreen.xib */ = {
			isa = PBXVariantGroup;
			children = (
				E635299D1A01066100557F69 /* Base */,
			);
			name = LaunchScreen.xib;
			sourceTree = "<group>";
		};
/* End PBXVariantGroup section */

/* Begin XCBuildConfiguration section */
		E63529AB1A01066100557F69 /* Debug */ = {
			isa = XCBuildConfiguration;
			buildSettings = {
				ALWAYS_SEARCH_USER_PATHS = NO;
				CLANG_CXX_LANGUAGE_STANDARD = "gnu++0x";
				CLANG_CXX_LIBRARY = "libc++";
				CLANG_ENABLE_MODULES = YES;
				CLANG_ENABLE_OBJC_ARC = YES;
				CLANG_WARN_BOOL_CONVERSION = YES;
				CLANG_WARN_CONSTANT_CONVERSION = YES;
				CLANG_WARN_DIRECT_OBJC_ISA_USAGE = YES_ERROR;
				CLANG_WARN_EMPTY_BODY = YES;
				CLANG_WARN_ENUM_CONVERSION = YES;
				CLANG_WARN_INT_CONVERSION = YES;
				CLANG_WARN_OBJC_ROOT_CLASS = YES_ERROR;
				CLANG_WARN_UNREACHABLE_CODE = YES;
				CLANG_WARN__DUPLICATE_METHOD_MATCH = YES;
				"CODE_SIGN_IDENTITY[sdk=iphoneos*]" = "iPhone Developer";
				COPY_PHASE_STRIP = NO;
				ENABLE_STRICT_OBJC_MSGSEND = YES;
				GCC_C_LANGUAGE_STANDARD = gnu99;
				GCC_DYNAMIC_NO_PIC = NO;
				GCC_OPTIMIZATION_LEVEL = 0;
				GCC_PREPROCESSOR_DEFINITIONS = (
					"DEBUG=1",
					"$(inherited)",
				);
				GCC_SYMBOLS_PRIVATE_EXTERN = NO;
				GCC_WARN_64_TO_32_BIT_CONVERSION = YES;
				GCC_WARN_ABOUT_RETURN_TYPE = YES_ERROR;
				GCC_WARN_UNDECLARED_SELECTOR = YES;
				GCC_WARN_UNINITIALIZED_AUTOS = YES_AGGRESSIVE;
				GCC_WARN_UNUSED_FUNCTION = YES;
				GCC_WARN_UNUSED_VARIABLE = YES;
				IPHONEOS_DEPLOYMENT_TARGET = 8.1;
				MTL_ENABLE_DEBUG_INFO = YES;
				ONLY_ACTIVE_ARCH = YES;
				SDKROOT = iphoneos;
				SWIFT_OPTIMIZATION_LEVEL = "-Onone";
			};
			name = Debug;
		};
		E63529AC1A01066100557F69 /* Release */ = {
			isa = XCBuildConfiguration;
			buildSettings = {
				ALWAYS_SEARCH_USER_PATHS = NO;
				CLANG_CXX_LANGUAGE_STANDARD = "gnu++0x";
				CLANG_CXX_LIBRARY = "libc++";
				CLANG_ENABLE_MODULES = YES;
				CLANG_ENABLE_OBJC_ARC = YES;
				CLANG_WARN_BOOL_CONVERSION = YES;
				CLANG_WARN_CONSTANT_CONVERSION = YES;
				CLANG_WARN_DIRECT_OBJC_ISA_USAGE = YES_ERROR;
				CLANG_WARN_EMPTY_BODY = YES;
				CLANG_WARN_ENUM_CONVERSION = YES;
				CLANG_WARN_INT_CONVERSION = YES;
				CLANG_WARN_OBJC_ROOT_CLASS = YES_ERROR;
				CLANG_WARN_UNREACHABLE_CODE = YES;
				CLANG_WARN__DUPLICATE_METHOD_MATCH = YES;
				"CODE_SIGN_IDENTITY[sdk=iphoneos*]" = "iPhone Developer";
				COPY_PHASE_STRIP = YES;
				ENABLE_NS_ASSERTIONS = NO;
				ENABLE_STRICT_OBJC_MSGSEND = YES;
				GCC_C_LANGUAGE_STANDARD = gnu99;
				GCC_WARN_64_TO_32_BIT_CONVERSION = YES;
				GCC_WARN_ABOUT_RETURN_TYPE = YES_ERROR;
				GCC_WARN_UNDECLARED_SELECTOR = YES;
				GCC_WARN_UNINITIALIZED_AUTOS = YES_AGGRESSIVE;
				GCC_WARN_UNUSED_FUNCTION = YES;
				GCC_WARN_UNUSED_VARIABLE = YES;
				IPHONEOS_DEPLOYMENT_TARGET = 8.1;
				MTL_ENABLE_DEBUG_INFO = NO;
				SDKROOT = iphoneos;
				VALIDATE_PRODUCT = YES;
			};
			name = Release;
		};
		E63529AE1A01066100557F69 /* Debug */ = {
			isa = XCBuildConfiguration;
			buildSettings = {
				ASSETCATALOG_COMPILER_APPICON_NAME = AppIcon;
				INFOPLIST_FILE = "Asteroids Return/Info.plist";
				IPHONEOS_DEPLOYMENT_TARGET = 7.0;
				LD_RUNPATH_SEARCH_PATHS = "$(inherited) @executable_path/Frameworks";
				PRODUCT_NAME = "$(TARGET_NAME)";
			};
			name = Debug;
		};
		E63529AF1A01066100557F69 /* Release */ = {
			isa = XCBuildConfiguration;
			buildSettings = {
				ASSETCATALOG_COMPILER_APPICON_NAME = AppIcon;
				INFOPLIST_FILE = "Asteroids Return/Info.plist";
				IPHONEOS_DEPLOYMENT_TARGET = 7.0;
				LD_RUNPATH_SEARCH_PATHS = "$(inherited) @executable_path/Frameworks";
				PRODUCT_NAME = "$(TARGET_NAME)";
			};
			name = Release;
		};
		E63529B11A01066100557F69 /* Debug */ = {
			isa = XCBuildConfiguration;
			buildSettings = {
				BUNDLE_LOADER = "$(TEST_HOST)";
				FRAMEWORK_SEARCH_PATHS = (
					"$(SDKROOT)/Developer/Library/Frameworks",
					"$(inherited)",
				);
				GCC_PREPROCESSOR_DEFINITIONS = (
					"DEBUG=1",
					"$(inherited)",
				);
				INFOPLIST_FILE = "Asteroids ReturnTests/Info.plist";
				LD_RUNPATH_SEARCH_PATHS = "$(inherited) @executable_path/Frameworks @loader_path/Frameworks";
				PRODUCT_NAME = "$(TARGET_NAME)";
				TEST_HOST = "$(BUILT_PRODUCTS_DIR)/Asteroids Return.app/Asteroids Return";
			};
			name = Debug;
		};
		E63529B21A01066100557F69 /* Release */ = {
			isa = XCBuildConfiguration;
			buildSettings = {
				BUNDLE_LOADER = "$(TEST_HOST)";
				FRAMEWORK_SEARCH_PATHS = (
					"$(SDKROOT)/Developer/Library/Frameworks",
					"$(inherited)",
				);
				INFOPLIST_FILE = "Asteroids ReturnTests/Info.plist";
				LD_RUNPATH_SEARCH_PATHS = "$(inherited) @executable_path/Frameworks @loader_path/Frameworks";
				PRODUCT_NAME = "$(TARGET_NAME)";
				TEST_HOST = "$(BUILT_PRODUCTS_DIR)/Asteroids Return.app/Asteroids Return";
			};
			name = Release;
		};
/* End XCBuildConfiguration section */

/* Begin XCConfigurationList section */
		E63529851A01066100557F69 /* Build configuration list for PBXProject "Asteroids Return" */ = {
			isa = XCConfigurationList;
			buildConfigurations = (
				E63529AB1A01066100557F69 /* Debug */,
				E63529AC1A01066100557F69 /* Release */,
			);
			defaultConfigurationIsVisible = 0;
			defaultConfigurationName = Release;
		};
		E63529AD1A01066100557F69 /* Build configuration list for PBXNativeTarget "Asteroids Return" */ = {
			isa = XCConfigurationList;
			buildConfigurations = (
				E63529AE1A01066100557F69 /* Debug */,
				E63529AF1A01066100557F69 /* Release */,
			);
			defaultConfigurationIsVisible = 0;
			defaultConfigurationName = Release;
		};
		E63529B01A01066100557F69 /* Build configuration list for PBXNativeTarget "Asteroids ReturnTests" */ = {
			isa = XCConfigurationList;
			buildConfigurations = (
				E63529B11A01066100557F69 /* Debug */,
				E63529B21A01066100557F69 /* Release */,
			);
			defaultConfigurationIsVisible = 0;
			defaultConfigurationName = Release;
		};
/* End XCConfigurationList section */
	};
	rootObject = E63529821A01066100557F69 /* Project object */;
}
